{
  "name": "DigiShelf",
  "lockfileVersion": 2,
  "requires": true,
  "packages": {
    "": {
      "dependencies": {
        "sam": "^0.0.7"
      }
    },
    "node_modules/sam": {
      "version": "0.0.7",
      "resolved": "https://registry.npmjs.org/sam/-/sam-0.0.7.tgz",
      "integrity": "sha1-OzJa42Kq9oeogK+IclXu4Q/MAPI="
    }
  },
  "dependencies": {
    "sam": {
      "version": "0.0.7",
      "resolved": "https://registry.npmjs.org/sam/-/sam-0.0.7.tgz",
      "integrity": "sha1-OzJa42Kq9oeogK+IclXu4Q/MAPI="
    }
  }
}
